<Solution>
  <Project Path="Application.Contract/Application.Contract.csproj" />
  <Project Path="Application/Application.csproj" />
  <Project Path="Domain.Shared/Domain.Shared.csproj" />
  <Project Path="Domain/Domain.csproj" />
  <Project Path="Host/Host.csproj" />
  <Project Path="Infrastructure/Infrastructure.csproj" />
</Solution>
